
Microsoft Visual Studio Solution File, Format Version 12.00
# Visual Studio Version 16
VisualStudioVersion = 16.0.31729.503
MinimumVisualStudioVersion = 10.0.40219.1
Project("{2150E333-8FDC-42A3-9474-1A3956D46DE8}") = "0 - Presentation", "0 - Presentation", "{6943F0B3-7F4A-41D5-A3A7-D50FA3204D2C}"
EndProject
Project("{9A19103F-16F7-4668-BE54-9A1E7A4F7556}") = "ProjetoDanielEx.Web.UI", "src\ProjetoDanielEx.Web.UI\ProjetoDanielEx.Web.UI.csproj", "{0970CEE5-E97E-4330-A790-F77BBA5CB89D}"
EndProject
Project("{2150E333-8FDC-42A3-9474-1A3956D46DE8}") = "1 - Application", "1 - Application", "{E0EFD0E7-B0D0-4611-AB94-D501076791A3}"
EndProject
Project("{FAE04EC0-301F-11D3-BF4B-00C04F79EFBC}") = "ProjetoDanielEx.Web.UI.Application", "src\ProjetoDanielEx.Web.UI.Application\ProjetoDanielEx.Web.UI.Application.csproj", "{B38E161C-EF40-402A-9D2E-12CDCAF31A2B}"
EndProject
Global
	GlobalSection(SolutionConfigurationPlatforms) = preSolution
		Debug|Any CPU = Debug|Any CPU
		Release|Any CPU = Release|Any CPU
	EndGlobalSection
	GlobalSection(ProjectConfigurationPlatforms) = postSolution
		{0970CEE5-E97E-4330-A790-F77BBA5CB89D}.Debug|Any CPU.ActiveCfg = Debug|Any CPU
		{0970CEE5-E97E-4330-A790-F77BBA5CB89D}.Debug|Any CPU.Build.0 = Debug|Any CPU
		{0970CEE5-E97E-4330-A790-F77BBA5CB89D}.Release|Any CPU.ActiveCfg = Release|Any CPU
		{0970CEE5-E97E-4330-A790-F77BBA5CB89D}.Release|Any CPU.Build.0 = Release|Any CPU
		{B38E161C-EF40-402A-9D2E-12CDCAF31A2B}.Debug|Any CPU.ActiveCfg = Debug|Any CPU
		{B38E161C-EF40-402A-9D2E-12CDCAF31A2B}.Debug|Any CPU.Build.0 = Debug|Any CPU
		{B38E161C-EF40-402A-9D2E-12CDCAF31A2B}.Release|Any CPU.ActiveCfg = Release|Any CPU
		{B38E161C-EF40-402A-9D2E-12CDCAF31A2B}.Release|Any CPU.Build.0 = Release|Any CPU
	EndGlobalSection
	GlobalSection(SolutionProperties) = preSolution
		HideSolutionNode = FALSE
	EndGlobalSection
	GlobalSection(NestedProjects) = preSolution
		{0970CEE5-E97E-4330-A790-F77BBA5CB89D} = {6943F0B3-7F4A-41D5-A3A7-D50FA3204D2C}
		{B38E161C-EF40-402A-9D2E-12CDCAF31A2B} = {E0EFD0E7-B0D0-4611-AB94-D501076791A3}
	EndGlobalSection
	GlobalSection(ExtensibilityGlobals) = postSolution
		SolutionGuid = {EC4C165D-7874-4C17-9FE2-636EEFCB07A9}
	EndGlobalSection
EndGlobal
